PODS:
  - KVOController (1.2.0)
  - Mantle (2.1.6):
    - Mantle/extobjc (= 2.1.6)
  - Mantle/extobjc (2.1.6)
  - pop (1.0.12)

DEPENDENCIES:
  - KVOController
  - Mantle (= 2.1.6)
  - pop

SPEC REPOS:
  trunk:
    - KVOController
    - Mantle
    - pop

SPEC CHECKSUMS:
  KVOController: d72ace34afea42468329623b3379ab3cd1d286b6
  Mantle: 4c0ed6ce47c96eccc4dc3bb071deb3def0e2c3be
  pop: d582054913807fd11fd50bfe6a539d91c7e1a55a

PODFILE CHECKSUM: f60ff57267484325cd624a7b4375f6c95bc2c824

COCOAPODS: 1.10.1
